// !$*UTF8*$!
{
	archiveVersion = 1;
	classes = {
	};
	objectVersion = 56;
	objects = {

/* Begin PBXBuildFile section */
		B2025C622A77D071007A8792 /* SettingsView.swift in Sources */ = {isa = PBXBuildFile; fileRef = B2025C612A77D071007A8792 /* SettingsView.swift */; };
		B2025C642A77D0BD007A8792 /* SettingsViewApiModel.swift in Sources */ = {isa = PBXBuildFile; fileRef = B2025C632A77D0BD007A8792 /* SettingsViewApiModel.swift */; };
		B2025C672A77E41C007A8792 /* ServiceLoader.swift in Sources */ = {isa = PBXBuildFile; fileRef = B2025C662A77E41C007A8792 /* ServiceLoader.swift */; };
		B20369BC2A78C29A00331E0F /* SettingsViewController.swift in Sources */ = {isa = PBXBuildFile; fileRef = B20369BB2A78C29A00331E0F /* SettingsViewController.swift */; };
		B20369C02A78D18000331E0F /* Cell.swift in Sources */ = {isa = PBXBuildFile; fileRef = B20369BF2A78D18000331E0F /* Cell.swift */; };
		B20369CA2A78D64F00331E0F /* AWM_Reachability.swift in Sources */ = {isa = PBXBuildFile; fileRef = B20369C92A78D64F00331E0F /* AWM_Reachability.swift */; };
		B217A4A62A5678C00012A133 /* AppDelegate.swift in Sources */ = {isa = PBXBuildFile; fileRef = B217A4A52A5678C00012A133 /* AppDelegate.swift */; };
		B217A4A82A5678C00012A133 /* SceneDelegate.swift in Sources */ = {isa = PBXBuildFile; fileRef = B217A4A72A5678C00012A133 /* SceneDelegate.swift */; };
		B217A4AD2A5678C00012A133 /* Main.storyboard in Resources */ = {isa = PBXBuildFile; fileRef = B217A4AB2A5678C00012A133 /* Main.storyboard */; };
		B217A4AF2A5678C10012A133 /* Assets.xcassets in Resources */ = {isa = PBXBuildFile; fileRef = B217A4AE2A5678C10012A133 /* Assets.xcassets */; };
		B217A4B22A5678C10012A133 /* LaunchScreen.storyboard in Resources */ = {isa = PBXBuildFile; fileRef = B217A4B02A5678C10012A133 /* LaunchScreen.storyboard */; };
		B217A4D42A56B3B10012A133 /* ViewExtension.swift in Sources */ = {isa = PBXBuildFile; fileRef = B217A4D32A56B3B10012A133 /* ViewExtension.swift */; };
		B217A4D62A56B3D10012A133 /* CGFloatExtension.swift in Sources */ = {isa = PBXBuildFile; fileRef = B217A4D52A56B3D10012A133 /* CGFloatExtension.swift */; };
		B226A0432A640615007646BE /* Poppins-Light.ttf in Resources */ = {isa = PBXBuildFile; fileRef = B226A0422A640615007646BE /* Poppins-Light.ttf */; };
		B227FCC52A5BC68300D8EAF4 /* ImageExtension.swift in Sources */ = {isa = PBXBuildFile; fileRef = B227FCC42A5BC68300D8EAF4 /* ImageExtension.swift */; };
		B227FCC72A5BDCC200D8EAF4 /* ColorExtension.swift in Sources */ = {isa = PBXBuildFile; fileRef = B227FCC62A5BDCC200D8EAF4 /* ColorExtension.swift */; };
		B227FCCD2A5BE58D00D8EAF4 /* Poppins-Regular.ttf in Resources */ = {isa = PBXBuildFile; fileRef = B227FCCC2A5BE58D00D8EAF4 /* Poppins-Regular.ttf */; };
		B227FCCF2A5BE5E700D8EAF4 /* Poppins-SemiBold.ttf in Resources */ = {isa = PBXBuildFile; fileRef = B227FCCE2A5BE5E700D8EAF4 /* Poppins-SemiBold.ttf */; };
		B227FCD12A5BF4AB00D8EAF4 /* UIViewExtension.swift in Sources */ = {isa = PBXBuildFile; fileRef = B227FCD02A5BF4AB00D8EAF4 /* UIViewExtension.swift */; };
		B227FCD52A5BFEFA00D8EAF4 /* CollectionView.swift in Sources */ = {isa = PBXBuildFile; fileRef = B227FCD42A5BFEFA00D8EAF4 /* CollectionView.swift */; };
		B227FCDB2A5C182B00D8EAF4 /* ViewController.swift in Sources */ = {isa = PBXBuildFile; fileRef = B227FCDA2A5C182B00D8EAF4 /* ViewController.swift */; };
		B236ED432A763F3900988B7F /* CatagoriesExtension.swift in Sources */ = {isa = PBXBuildFile; fileRef = B236ED422A763F3900988B7F /* CatagoriesExtension.swift */; };
		B2392A692A5A624200401305 /* LabelExtension.swift in Sources */ = {isa = PBXBuildFile; fileRef = B2392A682A5A624200401305 /* LabelExtension.swift */; };
		B2392A6B2A5A625900401305 /* ButtonExtension.swift in Sources */ = {isa = PBXBuildFile; fileRef = B2392A6A2A5A625900401305 /* ButtonExtension.swift */; };
		B2392A8C2A5AACE800401305 /* ViewModifier.swift in Sources */ = {isa = PBXBuildFile; fileRef = B2392A8B2A5AACE800401305 /* ViewModifier.swift */; };
		B2401B9C2A5D0D3F00AF1F93 /* OnboradingModel.swift in Sources */ = {isa = PBXBuildFile; fileRef = B2401B9B2A5D0D3F00AF1F93 /* OnboradingModel.swift */; };
		B247D3192A8251F200603D6A /* PermissionShadowExtension.swift in Sources */ = {isa = PBXBuildFile; fileRef = B247D3182A8251F200603D6A /* PermissionShadowExtension.swift */; };
		B2674D5F2A67BDD3000F8150 /* PinViewController.swift in Sources */ = {isa = PBXBuildFile; fileRef = B2674D5E2A67BDD3000F8150 /* PinViewController.swift */; };
		B2674D612A68F6FB000F8150 /* ExtensionController.swift in Sources */ = {isa = PBXBuildFile; fileRef = B2674D602A68F6FB000F8150 /* ExtensionController.swift */; };
		B2674D652A690C51000F8150 /* Refactors.swift in Sources */ = {isa = PBXBuildFile; fileRef = B2674D642A690C51000F8150 /* Refactors.swift */; };
		B2674D672A690C81000F8150 /* Constants.swift in Sources */ = {isa = PBXBuildFile; fileRef = B2674D662A690C81000F8150 /* Constants.swift */; };
		B2674D692A692336000F8150 /* Poppins-Medium.ttf in Resources */ = {isa = PBXBuildFile; fileRef = B2674D682A692336000F8150 /* Poppins-Medium.ttf */; };
		B2674D6B2A692540000F8150 /* AleartController.swift in Sources */ = {isa = PBXBuildFile; fileRef = B2674D6A2A692540000F8150 /* AleartController.swift */; };
		B29DBA752A5FEA6F00A49225 /* MainView.swift in Sources */ = {isa = PBXBuildFile; fileRef = B29DBA742A5FEA6F00A49225 /* MainView.swift */; };
		B29DBA772A5FEBF300A49225 /* ContentView.swift in Sources */ = {isa = PBXBuildFile; fileRef = B29DBA762A5FEBF300A49225 /* ContentView.swift */; };
		B2BCFC7E2A7F7DB100B86E95 /* permissionModel.swift in Sources */ = {isa = PBXBuildFile; fileRef = B2BCFC7D2A7F7DB100B86E95 /* permissionModel.swift */; };
		B2CE5D3D2A5EBC2B0022720D /* onboardingModel.swift in Sources */ = {isa = PBXBuildFile; fileRef = B2CE5D3C2A5EBC2B0022720D /* onboardingModel.swift */; };
		B2CE5D3F2A5EC0A40022720D /* onboradingView.swift in Sources */ = {isa = PBXBuildFile; fileRef = B2CE5D3E2A5EC0A40022720D /* onboradingView.swift */; };
		B2D39B8F2A6E81C0006D8D8E /* User.swift in Sources */ = {isa = PBXBuildFile; fileRef = B2D39B8E2A6E81C0006D8D8E /* User.swift */; };
		B2FD76FC2A7E585800A3CBB5 /* PermissionViewController.swift in Sources */ = {isa = PBXBuildFile; fileRef = B2FD76FB2A7E585800A3CBB5 /* PermissionViewController.swift */; };
/* End PBXBuildFile section */

/* Begin PBXFileReference section */
		B2025C612A77D071007A8792 /* SettingsView.swift */ = {isa = PBXFileReference; lastKnownFileType = sourcecode.swift; path = SettingsView.swift; sourceTree = "<group>"; };
		B2025C632A77D0BD007A8792 /* SettingsViewApiModel.swift */ = {isa = PBXFileReference; lastKnownFileType = sourcecode.swift; path = SettingsViewApiModel.swift; sourceTree = "<group>"; };
		B2025C662A77E41C007A8792 /* ServiceLoader.swift */ = {isa = PBXFileReference; lastKnownFileType = sourcecode.swift; path = ServiceLoader.swift; sourceTree = "<group>"; };
		B20369BB2A78C29A00331E0F /* SettingsViewController.swift */ = {isa = PBXFileReference; lastKnownFileType = sourcecode.swift; path = SettingsViewController.swift; sourceTree = "<group>"; };
		B20369BF2A78D18000331E0F /* Cell.swift */ = {isa = PBXFileReference; lastKnownFileType = sourcecode.swift; path = Cell.swift; sourceTree = "<group>"; };
		B20369C92A78D64F00331E0F /* AWM_Reachability.swift */ = {isa = PBXFileReference; fileEncoding = 4; lastKnownFileType = sourcecode.swift; path = AWM_Reachability.swift; sourceTree = "<group>"; };
		B217A4A22A5678C00012A133 /* newproject.app */ = {isa = PBXFileReference; explicitFileType = wrapper.application; includeInIndex = 0; path = newproject.app; sourceTree = BUILT_PRODUCTS_DIR; };
		B217A4A52A5678C00012A133 /* AppDelegate.swift */ = {isa = PBXFileReference; lastKnownFileType = sourcecode.swift; path = AppDelegate.swift; sourceTree = "<group>"; };
		B217A4A72A5678C00012A133 /* SceneDelegate.swift */ = {isa = PBXFileReference; lastKnownFileType = sourcecode.swift; path = SceneDelegate.swift; sourceTree = "<group>"; };
		B217A4AC2A5678C00012A133 /* Base */ = {isa = PBXFileReference; lastKnownFileType = file.storyboard; name = Base; path = Base.lproj/Main.storyboard; sourceTree = "<group>"; };
		B217A4AE2A5678C10012A133 /* Assets.xcassets */ = {isa = PBXFileReference; lastKnownFileType = folder.assetcatalog; path = Assets.xcassets; sourceTree = "<group>"; };
		B217A4B12A5678C10012A133 /* Base */ = {isa = PBXFileReference; lastKnownFileType = file.storyboard; name = Base; path = Base.lproj/LaunchScreen.storyboard; sourceTree = "<group>"; };
		B217A4B32A5678C10012A133 /* Info.plist */ = {isa = PBXFileReference; lastKnownFileType = text.plist.xml; path = Info.plist; sourceTree = "<group>"; };
		B217A4D32A56B3B10012A133 /* ViewExtension.swift */ = {isa = PBXFileReference; lastKnownFileType = sourcecode.swift; path = ViewExtension.swift; sourceTree = "<group>"; };
		B217A4D52A56B3D10012A133 /* CGFloatExtension.swift */ = {isa = PBXFileReference; lastKnownFileType = sourcecode.swift; path = CGFloatExtension.swift; sourceTree = "<group>"; };
		B226A0422A640615007646BE /* Poppins-Light.ttf */ = {isa = PBXFileReference; lastKnownFileType = file; path = "Poppins-Light.ttf"; sourceTree = "<group>"; };
		B227FCC42A5BC68300D8EAF4 /* ImageExtension.swift */ = {isa = PBXFileReference; lastKnownFileType = sourcecode.swift; path = ImageExtension.swift; sourceTree = "<group>"; };
		B227FCC62A5BDCC200D8EAF4 /* ColorExtension.swift */ = {isa = PBXFileReference; lastKnownFileType = sourcecode.swift; path = ColorExtension.swift; sourceTree = "<group>"; };
		B227FCCC2A5BE58D00D8EAF4 /* Poppins-Regular.ttf */ = {isa = PBXFileReference; lastKnownFileType = file; path = "Poppins-Regular.ttf"; sourceTree = "<group>"; };
		B227FCCE2A5BE5E700D8EAF4 /* Poppins-SemiBold.ttf */ = {isa = PBXFileReference; lastKnownFileType = file; path = "Poppins-SemiBold.ttf"; sourceTree = "<group>"; };
		B227FCD02A5BF4AB00D8EAF4 /* UIViewExtension.swift */ = {isa = PBXFileReference; lastKnownFileType = sourcecode.swift; path = UIViewExtension.swift; sourceTree = "<group>"; };
		B227FCD42A5BFEFA00D8EAF4 /* CollectionView.swift */ = {isa = PBXFileReference; lastKnownFileType = sourcecode.swift; path = CollectionView.swift; sourceTree = "<group>"; };
		B227FCDA2A5C182B00D8EAF4 /* ViewController.swift */ = {isa = PBXFileReference; fileEncoding = 4; lastKnownFileType = sourcecode.swift; path = ViewController.swift; sourceTree = "<group>"; };
		B236ED422A763F3900988B7F /* CatagoriesExtension.swift */ = {isa = PBXFileReference; lastKnownFileType = sourcecode.swift; path = CatagoriesExtension.swift; sourceTree = "<group>"; };
		B2392A682A5A624200401305 /* LabelExtension.swift */ = {isa = PBXFileReference; lastKnownFileType = sourcecode.swift; path = LabelExtension.swift; sourceTree = "<group>"; };
		B2392A6A2A5A625900401305 /* ButtonExtension.swift */ = {isa = PBXFileReference; lastKnownFileType = sourcecode.swift; path = ButtonExtension.swift; sourceTree = "<group>"; };
		B2392A8B2A5AACE800401305 /* ViewModifier.swift */ = {isa = PBXFileReference; fileEncoding = 4; lastKnownFileType = sourcecode.swift; path = ViewModifier.swift; sourceTree = "<group>"; };
		B2401B9B2A5D0D3F00AF1F93 /* OnboradingModel.swift */ = {isa = PBXFileReference; lastKnownFileType = sourcecode.swift; path = OnboradingModel.swift; sourceTree = "<group>"; };
		B247D3182A8251F200603D6A /* PermissionShadowExtension.swift */ = {isa = PBXFileReference; lastKnownFileType = sourcecode.swift; path = PermissionShadowExtension.swift; sourceTree = "<group>"; };
		B2674D5E2A67BDD3000F8150 /* PinViewController.swift */ = {isa = PBXFileReference; lastKnownFileType = sourcecode.swift; path = PinViewController.swift; sourceTree = "<group>"; };
		B2674D602A68F6FB000F8150 /* ExtensionController.swift */ = {isa = PBXFileReference; lastKnownFileType = sourcecode.swift; path = ExtensionController.swift; sourceTree = "<group>"; };
		B2674D642A690C51000F8150 /* Refactors.swift */ = {isa = PBXFileReference; lastKnownFileType = sourcecode.swift; path = Refactors.swift; sourceTree = "<group>"; };
		B2674D662A690C81000F8150 /* Constants.swift */ = {isa = PBXFileReference; lastKnownFileType = sourcecode.swift; path = Constants.swift; sourceTree = "<group>"; };
		B2674D682A692336000F8150 /* Poppins-Medium.ttf */ = {isa = PBXFileReference; lastKnownFileType = file; path = "Poppins-Medium.ttf"; sourceTree = "<group>"; };
		B2674D6A2A692540000F8150 /* AleartController.swift */ = {isa = PBXFileReference; lastKnownFileType = sourcecode.swift; path = AleartController.swift; sourceTree = "<group>"; };
		B29DBA742A5FEA6F00A49225 /* MainView.swift */ = {isa = PBXFileReference; lastKnownFileType = sourcecode.swift; path = MainView.swift; sourceTree = "<group>"; };
		B29DBA762A5FEBF300A49225 /* ContentView.swift */ = {isa = PBXFileReference; lastKnownFileType = sourcecode.swift; path = ContentView.swift; sourceTree = "<group>"; };
		B2BCFC7D2A7F7DB100B86E95 /* permissionModel.swift */ = {isa = PBXFileReference; lastKnownFileType = sourcecode.swift; path = permissionModel.swift; sourceTree = "<group>"; };
		B2CE5D3C2A5EBC2B0022720D /* onboardingModel.swift */ = {isa = PBXFileReference; lastKnownFileType = sourcecode.swift; path = onboardingModel.swift; sourceTree = "<group>"; };
		B2CE5D3E2A5EC0A40022720D /* onboradingView.swift */ = {isa = PBXFileReference; lastKnownFileType = sourcecode.swift; path = onboradingView.swift; sourceTree = "<group>"; };
		B2D39B8E2A6E81C0006D8D8E /* User.swift */ = {isa = PBXFileReference; lastKnownFileType = sourcecode.swift; path = User.swift; sourceTree = "<group>"; };
		B2FD76FB2A7E585800A3CBB5 /* PermissionViewController.swift */ = {isa = PBXFileReference; lastKnownFileType = sourcecode.swift; path = PermissionViewController.swift; sourceTree = "<group>"; };
/* End PBXFileReference section */

/* Begin PBXFrameworksBuildPhase section */
		B217A49F2A5678C00012A133 /* Frameworks */ = {
			isa = PBXFrameworksBuildPhase;
			buildActionMask = 2147483647;
			files = (
			);
			runOnlyForDeploymentPostprocessing = 0;
		};
/* End PBXFrameworksBuildPhase section */

/* Begin PBXGroup section */
		B2025C652A77E3D5007A8792 /* ImageLoaderService */ = {
			isa = PBXGroup;
			children = (
				B2025C662A77E41C007A8792 /* ServiceLoader.swift */,
			);
			path = ImageLoaderService;
			sourceTree = "<group>";
		};
		B20369BD2A78CF4700331E0F /* Assets */ = {
			isa = PBXGroup;
			children = (
				B217A4AE2A5678C10012A133 /* Assets.xcassets */,
			);
			path = Assets;
			sourceTree = "<group>";
		};
		B20369BE2A78D15D00331E0F /* Cells */ = {
			isa = PBXGroup;
			children = (
				B20369BF2A78D18000331E0F /* Cell.swift */,
			);
			path = Cells;
			sourceTree = "<group>";
		};
		B20369C42A78D38900331E0F /* StoryBoard */ = {
			isa = PBXGroup;
			children = (
				B217A4AB2A5678C00012A133 /* Main.storyboard */,
				B217A4B02A5678C10012A133 /* LaunchScreen.storyboard */,
			);
			path = StoryBoard;
			sourceTree = "<group>";
		};
		B20369C52A78D3B700331E0F /* SwiftUIModifier */ = {
			isa = PBXGroup;
			children = (
				B2392A8B2A5AACE800401305 /* ViewModifier.swift */,
			);
			path = SwiftUIModifier;
			sourceTree = "<group>";
		};
		B20369C62A78D5D900331E0F /* Network  */ = {
			isa = PBXGroup;
			children = (
				B20369C92A78D64F00331E0F /* AWM_Reachability.swift */,
			);
			path = "Network ";
			sourceTree = "<group>";
		};
		B217A4992A5678BF0012A133 = {
			isa = PBXGroup;
			children = (
				B217A4A42A5678C00012A133 /* newproject */,
				B217A4A32A5678C00012A133 /* Products */,
			);
			sourceTree = "<group>";
		};
		B217A4A32A5678C00012A133 /* Products */ = {
			isa = PBXGroup;
			children = (
				B217A4A22A5678C00012A133 /* newproject.app */,
			);
			name = Products;
			sourceTree = "<group>";
		};
		B217A4A42A5678C00012A133 /* newproject */ = {
			isa = PBXGroup;
			children = (
				B217A4C92A56B2330012A133 /* Model */,
				B217A4CF2A56B2E90012A133 /* View */,
				B217A4CE2A56B2BE0012A133 /* Controller */,
				B217A4D12A56B32D0012A133 /* Helper */,
				B217A4D22A56B34F0012A133 /* Extension */,
				B217A4B32A5678C10012A133 /* Info.plist */,
			);
			path = newproject;
			sourceTree = "<group>";
		};
		B217A4C92A56B2330012A133 /* Model */ = {
			isa = PBXGroup;
			children = (
				B2401B9B2A5D0D3F00AF1F93 /* OnboradingModel.swift */,
				B2025C632A77D0BD007A8792 /* SettingsViewApiModel.swift */,
				B2CE5D3C2A5EBC2B0022720D /* onboardingModel.swift */,
				B2D39B8E2A6E81C0006D8D8E /* User.swift */,
				B2BCFC7D2A7F7DB100B86E95 /* permissionModel.swift */,
			);
			path = Model;
			sourceTree = "<group>";
		};
		B217A4CE2A56B2BE0012A133 /* Controller */ = {
			isa = PBXGroup;
			children = (
				B227FCDA2A5C182B00D8EAF4 /* ViewController.swift */,
				B227FCD42A5BFEFA00D8EAF4 /* CollectionView.swift */,
				B2674D5E2A67BDD3000F8150 /* PinViewController.swift */,
				B2674D6A2A692540000F8150 /* AleartController.swift */,
				B20369BB2A78C29A00331E0F /* SettingsViewController.swift */,
				B2FD76FB2A7E585800A3CBB5 /* PermissionViewController.swift */,
			);
			path = Controller;
			sourceTree = "<group>";
		};
		B217A4CF2A56B2E90012A133 /* View */ = {
			isa = PBXGroup;
			children = (
				B20369C52A78D3B700331E0F /* SwiftUIModifier */,
				B20369C42A78D38900331E0F /* StoryBoard */,
				B20369BE2A78D15D00331E0F /* Cells */,
				B2025C652A77E3D5007A8792 /* ImageLoaderService */,
				B29DBA6F2A5FE53A00A49225 /* SwiftUIViews */,
			);
			path = View;
			sourceTree = "<group>";
		};
		B217A4D12A56B32D0012A133 /* Helper */ = {
			isa = PBXGroup;
			children = (
				B20369C62A78D5D900331E0F /* Network  */,
				B2674D632A690BD3000F8150 /* Configure */,
				B2674D622A690BB2000F8150 /* Delegates */,
				B227FCCA2A5BE55000D8EAF4 /* Resources */,
			);
			path = Helper;
			sourceTree = "<group>";
		};
		B217A4D22A56B34F0012A133 /* Extension */ = {
			isa = PBXGroup;
			children = (
				B217A4D32A56B3B10012A133 /* ViewExtension.swift */,
				B217A4D52A56B3D10012A133 /* CGFloatExtension.swift */,
				B2392A682A5A624200401305 /* LabelExtension.swift */,
				B2392A6A2A5A625900401305 /* ButtonExtension.swift */,
				B227FCC42A5BC68300D8EAF4 /* ImageExtension.swift */,
				B227FCC62A5BDCC200D8EAF4 /* ColorExtension.swift */,
				B227FCD02A5BF4AB00D8EAF4 /* UIViewExtension.swift */,
				B2674D602A68F6FB000F8150 /* ExtensionController.swift */,
				B236ED422A763F3900988B7F /* CatagoriesExtension.swift */,
				B247D3182A8251F200603D6A /* PermissionShadowExtension.swift */,
			);
			path = Extension;
			sourceTree = "<group>";
		};
		B227FCCA2A5BE55000D8EAF4 /* Resources */ = {
			isa = PBXGroup;
			children = (
				B20369BD2A78CF4700331E0F /* Assets */,
				B227FCCB2A5BE55F00D8EAF4 /* Fonts */,
			);
			path = Resources;
			sourceTree = "<group>";
		};
		B227FCCB2A5BE55F00D8EAF4 /* Fonts */ = {
			isa = PBXGroup;
			children = (
				B227FCCC2A5BE58D00D8EAF4 /* Poppins-Regular.ttf */,
				B227FCCE2A5BE5E700D8EAF4 /* Poppins-SemiBold.ttf */,
				B226A0422A640615007646BE /* Poppins-Light.ttf */,
				B2674D682A692336000F8150 /* Poppins-Medium.ttf */,
			);
			path = Fonts;
			sourceTree = "<group>";
		};
		B2674D622A690BB2000F8150 /* Delegates */ = {
			isa = PBXGroup;
			children = (
				B217A4A52A5678C00012A133 /* AppDelegate.swift */,
				B217A4A72A5678C00012A133 /* SceneDelegate.swift */,
			);
			path = Delegates;
			sourceTree = "<group>";
		};
		B2674D632A690BD3000F8150 /* Configure */ = {
			isa = PBXGroup;
			children = (
				B2674D642A690C51000F8150 /* Refactors.swift */,
				B2674D662A690C81000F8150 /* Constants.swift */,
			);
			path = Configure;
			sourceTree = "<group>";
		};
		B29DBA6F2A5FE53A00A49225 /* SwiftUIViews */ = {
			isa = PBXGroup;
			children = (
				B2CE5D3E2A5EC0A40022720D /* onboradingView.swift */,
				B29DBA742A5FEA6F00A49225 /* MainView.swift */,
				B29DBA762A5FEBF300A49225 /* ContentView.swift */,
				B2025C612A77D071007A8792 /* SettingsView.swift */,
			);
			path = SwiftUIViews;
			sourceTree = "<group>";
		};
/* End PBXGroup section */

/* Begin PBXNativeTarget section */
		B217A4A12A5678C00012A133 /* newproject */ = {
			isa = PBXNativeTarget;
			buildConfigurationList = B217A4B62A5678C10012A133 /* Build configuration list for PBXNativeTarget "newproject" */;
			buildPhases = (
				B217A49E2A5678C00012A133 /* Sources */,
				B217A49F2A5678C00012A133 /* Frameworks */,
				B217A4A02A5678C00012A133 /* Resources */,
			);
			buildRules = (
			);
			dependencies = (
			);
			name = newproject;
			productName = newproject;
			productReference = B217A4A22A5678C00012A133 /* newproject.app */;
			productType = "com.apple.product-type.application";
		};
/* End PBXNativeTarget section */

/* Begin PBXProject section */
		B217A49A2A5678BF0012A133 /* Project object */ = {
			isa = PBXProject;
			attributes = {
				BuildIndependentTargetsInParallel = 1;
				LastSwiftUpdateCheck = 1400;
				LastUpgradeCheck = 1400;
				TargetAttributes = {
					B217A4A12A5678C00012A133 = {
						CreatedOnToolsVersion = 14.0.1;
					};
				};
			};
			buildConfigurationList = B217A49D2A5678BF0012A133 /* Build configuration list for PBXProject "newproject" */;
			compatibilityVersion = "Xcode 14.0";
			developmentRegion = en;
			hasScannedForEncodings = 0;
			knownRegions = (
				en,
				Base,
			);
			mainGroup = B217A4992A5678BF0012A133;
			productRefGroup = B217A4A32A5678C00012A133 /* Products */;
			projectDirPath = "";
			projectRoot = "";
			targets = (
				B217A4A12A5678C00012A133 /* newproject */,
			);
		};
/* End PBXProject section */

/* Begin PBXResourcesBuildPhase section */
		B217A4A02A5678C00012A133 /* Resources */ = {
			isa = PBXResourcesBuildPhase;
			buildActionMask = 2147483647;
			files = (
				B227FCCF2A5BE5E700D8EAF4 /* Poppins-SemiBold.ttf in Resources */,
				B2674D692A692336000F8150 /* Poppins-Medium.ttf in Resources */,
				B226A0432A640615007646BE /* Poppins-Light.ttf in Resources */,
				B217A4B22A5678C10012A133 /* LaunchScreen.storyboard in Resources */,
				B217A4AF2A5678C10012A133 /* Assets.xcassets in Resources */,
				B217A4AD2A5678C00012A133 /* Main.storyboard in Resources */,
				B227FCCD2A5BE58D00D8EAF4 /* Poppins-Regular.ttf in Resources */,
			);
			runOnlyForDeploymentPostprocessing = 0;
		};
/* End PBXResourcesBuildPhase section */

/* Begin PBXSourcesBuildPhase section */
		B217A49E2A5678C00012A133 /* Sources */ = {
			isa = PBXSourcesBuildPhase;
			buildActionMask = 2147483647;
			files = (
				B2674D6B2A692540000F8150 /* AleartController.swift in Sources */,
				B227FCC52A5BC68300D8EAF4 /* ImageExtension.swift in Sources */,
				B2FD76FC2A7E585800A3CBB5 /* PermissionViewController.swift in Sources */,
				B2674D612A68F6FB000F8150 /* ExtensionController.swift in Sources */,
				B236ED432A763F3900988B7F /* CatagoriesExtension.swift in Sources */,
				B2392A6B2A5A625900401305 /* ButtonExtension.swift in Sources */,
				B2674D5F2A67BDD3000F8150 /* PinViewController.swift in Sources */,
				B227FCD12A5BF4AB00D8EAF4 /* UIViewExtension.swift in Sources */,
				B20369C02A78D18000331E0F /* Cell.swift in Sources */,
				B2392A692A5A624200401305 /* LabelExtension.swift in Sources */,
				B2BCFC7E2A7F7DB100B86E95 /* permissionModel.swift in Sources */,
				B217A4D62A56B3D10012A133 /* CGFloatExtension.swift in Sources */,
				B227FCD52A5BFEFA00D8EAF4 /* CollectionView.swift in Sources */,
				B217A4A62A5678C00012A133 /* AppDelegate.swift in Sources */,
				B29DBA772A5FEBF300A49225 /* ContentView.swift in Sources */,
				B2025C672A77E41C007A8792 /* ServiceLoader.swift in Sources */,
				B2CE5D3F2A5EC0A40022720D /* onboradingView.swift in Sources */,
				B2674D672A690C81000F8150 /* Constants.swift in Sources */,
				B217A4D42A56B3B10012A133 /* ViewExtension.swift in Sources */,
				B2025C622A77D071007A8792 /* SettingsView.swift in Sources */,
				B2025C642A77D0BD007A8792 /* SettingsViewApiModel.swift in Sources */,
				B227FCDB2A5C182B00D8EAF4 /* ViewController.swift in Sources */,
				B247D3192A8251F200603D6A /* PermissionShadowExtension.swift in Sources */,
				B29DBA752A5FEA6F00A49225 /* MainView.swift in Sources */,
				B217A4A82A5678C00012A133 /* SceneDelegate.swift in Sources */,
				B2CE5D3D2A5EBC2B0022720D /* onboardingModel.swift in Sources */,
				B20369CA2A78D64F00331E0F /* AWM_Reachability.swift in Sources */,
				B2392A8C2A5AACE800401305 /* ViewModifier.swift in Sources */,
				B20369BC2A78C29A00331E0F /* SettingsViewController.swift in Sources */,
				B2401B9C2A5D0D3F00AF1F93 /* OnboradingModel.swift in Sources */,
				B227FCC72A5BDCC200D8EAF4 /* ColorExtension.swift in Sources */,
				B2674D652A690C51000F8150 /* Refactors.swift in Sources */,
				B2D39B8F2A6E81C0006D8D8E /* User.swift in Sources */,
			);
			runOnlyForDeploymentPostprocessing = 0;
		};
/* End PBXSourcesBuildPhase section */

/* Begin PBXVariantGroup section */
		B217A4AB2A5678C00012A133 /* Main.storyboard */ = {
			isa = PBXVariantGroup;
			children = (
				B217A4AC2A5678C00012A133 /* Base */,
			);
			name = Main.storyboard;
			sourceTree = "<group>";
		};
		B217A4B02A5678C10012A133 /* LaunchScreen.storyboard */ = {
			isa = PBXVariantGroup;
			children = (
				B217A4B12A5678C10012A133 /* Base */,
			);
			name = LaunchScreen.storyboard;
			sourceTree = "<group>";
		};
/* End PBXVariantGroup section */

/* Begin XCBuildConfiguration section */
		B217A4B42A5678C10012A133 /* Debug */ = {
			isa = XCBuildConfiguration;
			buildSettings = {
				ALWAYS_SEARCH_USER_PATHS = NO;
				CLANG_ANALYZER_NONNULL = YES;
				CLANG_ANALYZER_NUMBER_OBJECT_CONVERSION = YES_AGGRESSIVE;
				CLANG_CXX_LANGUAGE_STANDARD = "gnu++20";
				CLANG_ENABLE_MODULES = YES;
				CLANG_ENABLE_OBJC_ARC = YES;
				CLANG_ENABLE_OBJC_WEAK = YES;
				CLANG_WARN_BLOCK_CAPTURE_AUTORELEASING = YES;
				CLANG_WARN_BOOL_CONVERSION = YES;
				CLANG_WARN_COMMA = YES;
				CLANG_WARN_CONSTANT_CONVERSION = YES;
				CLANG_WARN_DEPRECATED_OBJC_IMPLEMENTATIONS = YES;
				CLANG_WARN_DIRECT_OBJC_ISA_USAGE = YES_ERROR;
				CLANG_WARN_DOCUMENTATION_COMMENTS = YES;
				CLANG_WARN_EMPTY_BODY = YES;
				CLANG_WARN_ENUM_CONVERSION = YES;
				CLANG_WARN_INFINITE_RECURSION = YES;
				CLANG_WARN_INT_CONVERSION = YES;
				CLANG_WARN_NON_LITERAL_NULL_CONVERSION = YES;
				CLANG_WARN_OBJC_IMPLICIT_RETAIN_SELF = YES;
				CLANG_WARN_OBJC_LITERAL_CONVERSION = YES;
				CLANG_WARN_OBJC_ROOT_CLASS = YES_ERROR;
				CLANG_WARN_QUOTED_INCLUDE_IN_FRAMEWORK_HEADER = YES;
				CLANG_WARN_RANGE_LOOP_ANALYSIS = YES;
				CLANG_WARN_STRICT_PROTOTYPES = YES;
				CLANG_WARN_SUSPICIOUS_MOVE = YES;
				CLANG_WARN_UNGUARDED_AVAILABILITY = YES_AGGRESSIVE;
				CLANG_WARN_UNREACHABLE_CODE = YES;
				CLANG_WARN__DUPLICATE_METHOD_MATCH = YES;
				COPY_PHASE_STRIP = NO;
				DEBUG_INFORMATION_FORMAT = dwarf;
				ENABLE_STRICT_OBJC_MSGSEND = YES;
				ENABLE_TESTABILITY = YES;
				GCC_C_LANGUAGE_STANDARD = gnu11;
				GCC_DYNAMIC_NO_PIC = NO;
				GCC_NO_COMMON_BLOCKS = YES;
				GCC_OPTIMIZATION_LEVEL = 0;
				GCC_PREPROCESSOR_DEFINITIONS = (
					"DEBUG=1",
					"$(inherited)",
				);
				GCC_WARN_64_TO_32_BIT_CONVERSION = YES;
				GCC_WARN_ABOUT_RETURN_TYPE = YES_ERROR;
				GCC_WARN_UNDECLARED_SELECTOR = YES;
				GCC_WARN_UNINITIALIZED_AUTOS = YES_AGGRESSIVE;
				GCC_WARN_UNUSED_FUNCTION = YES;
				GCC_WARN_UNUSED_VARIABLE = YES;
				IPHONEOS_DEPLOYMENT_TARGET = 14.0;
				MTL_ENABLE_DEBUG_INFO = INCLUDE_SOURCE;
				MTL_FAST_MATH = YES;
				ONLY_ACTIVE_ARCH = YES;
				SDKROOT = iphoneos;
				SWIFT_ACTIVE_COMPILATION_CONDITIONS = DEBUG;
				SWIFT_OPTIMIZATION_LEVEL = "-Onone";
			};
			name = Debug;
		};
		B217A4B52A5678C10012A133 /* Release */ = {
			isa = XCBuildConfiguration;
			buildSettings = {
				ALWAYS_SEARCH_USER_PATHS = NO;
				CLANG_ANALYZER_NONNULL = YES;
				CLANG_ANALYZER_NUMBER_OBJECT_CONVERSION = YES_AGGRESSIVE;
				CLANG_CXX_LANGUAGE_STANDARD = "gnu++20";
				CLANG_ENABLE_MODULES = YES;
				CLANG_ENABLE_OBJC_ARC = YES;
				CLANG_ENABLE_OBJC_WEAK = YES;
				CLANG_WARN_BLOCK_CAPTURE_AUTORELEASING = YES;
				CLANG_WARN_BOOL_CONVERSION = YES;
				CLANG_WARN_COMMA = YES;
				CLANG_WARN_CONSTANT_CONVERSION = YES;
				CLANG_WARN_DEPRECATED_OBJC_IMPLEMENTATIONS = YES;
				CLANG_WARN_DIRECT_OBJC_ISA_USAGE = YES_ERROR;
				CLANG_WARN_DOCUMENTATION_COMMENTS = YES;
				CLANG_WARN_EMPTY_BODY = YES;
				CLANG_WARN_ENUM_CONVERSION = YES;
				CLANG_WARN_INFINITE_RECURSION = YES;
				CLANG_WARN_INT_CONVERSION = YES;
				CLANG_WARN_NON_LITERAL_NULL_CONVERSION = YES;
				CLANG_WARN_OBJC_IMPLICIT_RETAIN_SELF = YES;
				CLANG_WARN_OBJC_LITERAL_CONVERSION = YES;
				CLANG_WARN_OBJC_ROOT_CLASS = YES_ERROR;
				CLANG_WARN_QUOTED_INCLUDE_IN_FRAMEWORK_HEADER = YES;
				CLANG_WARN_RANGE_LOOP_ANALYSIS = YES;
				CLANG_WARN_STRICT_PROTOTYPES = YES;
				CLANG_WARN_SUSPICIOUS_MOVE = YES;
				CLANG_WARN_UNGUARDED_AVAILABILITY = YES_AGGRESSIVE;
				CLANG_WARN_UNREACHABLE_CODE = YES;
				CLANG_WARN__DUPLICATE_METHOD_MATCH = YES;
				COPY_PHASE_STRIP = NO;
				DEBUG_INFORMATION_FORMAT = "dwarf-with-dsym";
				ENABLE_NS_ASSERTIONS = NO;
				ENABLE_STRICT_OBJC_MSGSEND = YES;
				GCC_C_LANGUAGE_STANDARD = gnu11;
				GCC_NO_COMMON_BLOCKS = YES;
				GCC_WARN_64_TO_32_BIT_CONVERSION = YES;
				GCC_WARN_ABOUT_RETURN_TYPE = YES_ERROR;
				GCC_WARN_UNDECLARED_SELECTOR = YES;
				GCC_WARN_UNINITIALIZED_AUTOS = YES_AGGRESSIVE;
				GCC_WARN_UNUSED_FUNCTION = YES;
				GCC_WARN_UNUSED_VARIABLE = YES;
				IPHONEOS_DEPLOYMENT_TARGET = 14.0;
				MTL_ENABLE_DEBUG_INFO = NO;
				MTL_FAST_MATH = YES;
				SDKROOT = iphoneos;
				SWIFT_COMPILATION_MODE = wholemodule;
				SWIFT_OPTIMIZATION_LEVEL = "-O";
				VALIDATE_PRODUCT = YES;
			};
			name = Release;
		};
		B217A4B72A5678C10012A133 /* Debug */ = {
			isa = XCBuildConfiguration;
			buildSettings = {
				ASSETCATALOG_COMPILER_APPICON_NAME = AppIcon;
				ASSETCATALOG_COMPILER_GLOBAL_ACCENT_COLOR_NAME = AccentColor;
				CODE_SIGN_STYLE = Automatic;
				CURRENT_PROJECT_VERSION = 1;
				DEVELOPMENT_TEAM = 4T25NV2J53;
				GENERATE_INFOPLIST_FILE = YES;
				INFOPLIST_FILE = newproject/Info.plist;
				INFOPLIST_KEY_UIApplicationSupportsIndirectInputEvents = YES;
				INFOPLIST_KEY_UILaunchStoryboardName = LaunchScreen;
				INFOPLIST_KEY_UIMainStoryboardFile = Main;
				INFOPLIST_KEY_UISupportedInterfaceOrientations_iPad = "UIInterfaceOrientationPortrait UIInterfaceOrientationPortraitUpsideDown UIInterfaceOrientationLandscapeLeft UIInterfaceOrientationLandscapeRight";
				INFOPLIST_KEY_UISupportedInterfaceOrientations_iPhone = "UIInterfaceOrientationPortrait UIInterfaceOrientationLandscapeLeft UIInterfaceOrientationLandscapeRight";
				IPHONEOS_DEPLOYMENT_TARGET = 14.0;
				LD_RUNPATH_SEARCH_PATHS = (
					"$(inherited)",
					"@executable_path/Frameworks",
				);
				MARKETING_VERSION = 1.0;
				PRODUCT_BUNDLE_IDENTIFIER = com.appnap.newproject;
				PRODUCT_NAME = "$(TARGET_NAME)";
				SWIFT_EMIT_LOC_STRINGS = YES;
				SWIFT_VERSION = 5.0;
				TARGETED_DEVICE_FAMILY = "1,2";
			};
			name = Debug;
		};
		B217A4B82A5678C10012A133 /* Release */ = {
			isa = XCBuildConfiguration;
			buildSettings = {
				ASSETCATALOG_COMPILER_APPICON_NAME = AppIcon;
				ASSETCATALOG_COMPILER_GLOBAL_ACCENT_COLOR_NAME = AccentColor;
				CODE_SIGN_STYLE = Automatic;
				CURRENT_PROJECT_VERSION = 1;
				DEVELOPMENT_TEAM = 4T25NV2J53;
				GENERATE_INFOPLIST_FILE = YES;
				INFOPLIST_FILE = newproject/Info.plist;
				INFOPLIST_KEY_UIApplicationSupportsIndirectInputEvents = YES;
				INFOPLIST_KEY_UILaunchStoryboardName = LaunchScreen;
				INFOPLIST_KEY_UIMainStoryboardFile = Main;
				INFOPLIST_KEY_UISupportedInterfaceOrientations_iPad = "UIInterfaceOrientationPortrait UIInterfaceOrientationPortraitUpsideDown UIInterfaceOrientationLandscapeLeft UIInterfaceOrientationLandscapeRight";
				INFOPLIST_KEY_UISupportedInterfaceOrientations_iPhone = "UIInterfaceOrientationPortrait UIInterfaceOrientationLandscapeLeft UIInterfaceOrientationLandscapeRight";
				IPHONEOS_DEPLOYMENT_TARGET = 14.0;
				LD_RUNPATH_SEARCH_PATHS = (
					"$(inherited)",
					"@executable_path/Frameworks",
				);
				MARKETING_VERSION = 1.0;
				PRODUCT_BUNDLE_IDENTIFIER = com.appnap.newproject;
				PRODUCT_NAME = "$(TARGET_NAME)";
				SWIFT_EMIT_LOC_STRINGS = YES;
				SWIFT_VERSION = 5.0;
				TARGETED_DEVICE_FAMILY = "1,2";
			};
			name = Release;
		};
/* End XCBuildConfiguration section */

/* Begin XCConfigurationList section */
		B217A49D2A5678BF0012A133 /* Build configuration list for PBXProject "newproject" */ = {
			isa = XCConfigurationList;
			buildConfigurations = (
				B217A4B42A5678C10012A133 /* Debug */,
				B217A4B52A5678C10012A133 /* Release */,
			);
			defaultConfigurationIsVisible = 0;
			defaultConfigurationName = Release;
		};
		B217A4B62A5678C10012A133 /* Build configuration list for PBXNativeTarget "newproject" */ = {
			isa = XCConfigurationList;
			buildConfigurations = (
				B217A4B72A5678C10012A133 /* Debug */,
				B217A4B82A5678C10012A133 /* Release */,
			);
			defaultConfigurationIsVisible = 0;
			defaultConfigurationName = Release;
		};
/* End XCConfigurationList section */
	};
	rootObject = B217A49A2A5678BF0012A133 /* Project object */;
}
