// !$*UTF8*$!
{
	archiveVersion = 1;
	classes = {
	};
	objectVersion = 56;
	objects = {

/* Begin PBXBuildFile section */
		B217A4A62A5678C00012A133 /* AppDelegate.swift in Sources */ = {isa = PBXBuildFile; fileRef = B217A4A52A5678C00012A133 /* AppDelegate.swift */; };
		B217A4A82A5678C00012A133 /* SceneDelegate.swift in Sources */ = {isa = PBXBuildFile; fileRef = B217A4A72A5678C00012A133 /* SceneDelegate.swift */; };
		B217A4AA2A5678C00012A133 /* ViewController.swift in Sources */ = {isa = PBXBuildFile; fileRef = B217A4A92A5678C00012A133 /* ViewController.swift */; };
		B217A4AD2A5678C00012A133 /* Main.storyboard in Resources */ = {isa = PBXBuildFile; fileRef = B217A4AB2A5678C00012A133 /* Main.storyboard */; };
		B217A4AF2A5678C10012A133 /* Assets.xcassets in Resources */ = {isa = PBXBuildFile; fileRef = B217A4AE2A5678C10012A133 /* Assets.xcassets */; };
		B217A4B22A5678C10012A133 /* LaunchScreen.storyboard in Resources */ = {isa = PBXBuildFile; fileRef = B217A4B02A5678C10012A133 /* LaunchScreen.storyboard */; };
		B217A4D42A56B3B10012A133 /* ViewExtension.swift in Sources */ = {isa = PBXBuildFile; fileRef = B217A4D32A56B3B10012A133 /* ViewExtension.swift */; };
		B217A4D62A56B3D10012A133 /* CGFloatExtension.swift in Sources */ = {isa = PBXBuildFile; fileRef = B217A4D52A56B3D10012A133 /* CGFloatExtension.swift */; };
		B2392A692A5A624200401305 /* LabelExtension.swift in Sources */ = {isa = PBXBuildFile; fileRef = B2392A682A5A624200401305 /* LabelExtension.swift */; };
		B2392A6B2A5A625900401305 /* ButtonExtension.swift in Sources */ = {isa = PBXBuildFile; fileRef = B2392A6A2A5A625900401305 /* ButtonExtension.swift */; };
		B2392A882A5A738D00401305 /* ViewModifier.swift in Sources */ = {isa = PBXBuildFile; fileRef = B2392A872A5A738D00401305 /* ViewModifier.swift */; };
/* End PBXBuildFile section */

/* Begin PBXFileReference section */
		B217A4A22A5678C00012A133 /* newproject.app */ = {isa = PBXFileReference; explicitFileType = wrapper.application; includeInIndex = 0; path = newproject.app; sourceTree = BUILT_PRODUCTS_DIR; };
		B217A4A52A5678C00012A133 /* AppDelegate.swift */ = {isa = PBXFileReference; lastKnownFileType = sourcecode.swift; path = AppDelegate.swift; sourceTree = "<group>"; };
		B217A4A72A5678C00012A133 /* SceneDelegate.swift */ = {isa = PBXFileReference; lastKnownFileType = sourcecode.swift; path = SceneDelegate.swift; sourceTree = "<group>"; };
		B217A4A92A5678C00012A133 /* ViewController.swift */ = {isa = PBXFileReference; lastKnownFileType = sourcecode.swift; path = ViewController.swift; sourceTree = "<group>"; };
		B217A4AC2A5678C00012A133 /* Base */ = {isa = PBXFileReference; lastKnownFileType = file.storyboard; name = Base; path = Base.lproj/Main.storyboard; sourceTree = "<group>"; };
		B217A4AE2A5678C10012A133 /* Assets.xcassets */ = {isa = PBXFileReference; lastKnownFileType = folder.assetcatalog; path = Assets.xcassets; sourceTree = "<group>"; };
		B217A4B12A5678C10012A133 /* Base */ = {isa = PBXFileReference; lastKnownFileType = file.storyboard; name = Base; path = Base.lproj/LaunchScreen.storyboard; sourceTree = "<group>"; };
		B217A4B32A5678C10012A133 /* Info.plist */ = {isa = PBXFileReference; lastKnownFileType = text.plist.xml; path = Info.plist; sourceTree = "<group>"; };
		B217A4D32A56B3B10012A133 /* ViewExtension.swift */ = {isa = PBXFileReference; lastKnownFileType = sourcecode.swift; path = ViewExtension.swift; sourceTree = "<group>"; };
		B217A4D52A56B3D10012A133 /* CGFloatExtension.swift */ = {isa = PBXFileReference; lastKnownFileType = sourcecode.swift; path = CGFloatExtension.swift; sourceTree = "<group>"; };
		B2392A682A5A624200401305 /* LabelExtension.swift */ = {isa = PBXFileReference; lastKnownFileType = sourcecode.swift; path = LabelExtension.swift; sourceTree = "<group>"; };
		B2392A6A2A5A625900401305 /* ButtonExtension.swift */ = {isa = PBXFileReference; lastKnownFileType = sourcecode.swift; path = ButtonExtension.swift; sourceTree = "<group>"; };
		B2392A872A5A738D00401305 /* ViewModifier.swift */ = {isa = PBXFileReference; lastKnownFileType = sourcecode.swift; path = ViewModifier.swift; sourceTree = "<group>"; };
/* End PBXFileReference section */

/* Begin PBXFrameworksBuildPhase section */
		B217A49F2A5678C00012A133 /* Frameworks */ = {
			isa = PBXFrameworksBuildPhase;
			buildActionMask = 2147483647;
			files = (
			);
			runOnlyForDeploymentPostprocessing = 0;
		};
/* End PBXFrameworksBuildPhase section */

/* Begin PBXGroup section */
		B217A4992A5678BF0012A133 = {
			isa = PBXGroup;
			children = (
				B217A4A42A5678C00012A133 /* newproject */,
				B217A4A32A5678C00012A133 /* Products */,
			);
			sourceTree = "<group>";
		};
		B217A4A32A5678C00012A133 /* Products */ = {
			isa = PBXGroup;
			children = (
				B217A4A22A5678C00012A133 /* newproject.app */,
			);
			name = Products;
			sourceTree = "<group>";
		};
		B217A4A42A5678C00012A133 /* newproject */ = {
			isa = PBXGroup;
			children = (
				B217A4C92A56B2330012A133 /* Model */,
				B217A4CF2A56B2E90012A133 /* View */,
				B217A4CE2A56B2BE0012A133 /* Controller */,
				B217A4A52A5678C00012A133 /* AppDelegate.swift */,
				B217A4A72A5678C00012A133 /* SceneDelegate.swift */,
				B217A4D12A56B32D0012A133 /* Helper */,
				B217A4D22A56B34F0012A133 /* Extension */,
				B217A4AB2A5678C00012A133 /* Main.storyboard */,
				B217A4AE2A5678C10012A133 /* Assets.xcassets */,
				B217A4B02A5678C10012A133 /* LaunchScreen.storyboard */,
				B217A4B32A5678C10012A133 /* Info.plist */,
			);
			path = newproject;
			sourceTree = "<group>";
		};
		B217A4C92A56B2330012A133 /* Model */ = {
			isa = PBXGroup;
			children = (
			);
			path = Model;
			sourceTree = "<group>";
		};
		B217A4CE2A56B2BE0012A133 /* Controller */ = {
			isa = PBXGroup;
			children = (
				B217A4A92A5678C00012A133 /* ViewController.swift */,
			);
			path = Controller;
			sourceTree = "<group>";
		};
		B217A4CF2A56B2E90012A133 /* View */ = {
			isa = PBXGroup;
			children = (
				B2392A862A5A737000401305 /* SwiftUI */,
			);
			path = View;
			sourceTree = "<group>";
		};
		B217A4D12A56B32D0012A133 /* Helper */ = {
			isa = PBXGroup;
			children = (
			);
			path = Helper;
			sourceTree = "<group>";
		};
		B217A4D22A56B34F0012A133 /* Extension */ = {
			isa = PBXGroup;
			children = (
				B217A4D32A56B3B10012A133 /* ViewExtension.swift */,
				B217A4D52A56B3D10012A133 /* CGFloatExtension.swift */,
				B2392A682A5A624200401305 /* LabelExtension.swift */,
				B2392A6A2A5A625900401305 /* ButtonExtension.swift */,
			);
			path = Extension;
			sourceTree = "<group>";
		};
		B2392A862A5A737000401305 /* SwiftUI */ = {
			isa = PBXGroup;
			children = (
				B2392A872A5A738D00401305 /* ViewModifier.swift */,
			);
			path = SwiftUI;
			sourceTree = "<group>";
		};
/* End PBXGroup section */

/* Begin PBXNativeTarget section */
		B217A4A12A5678C00012A133 /* newproject */ = {
			isa = PBXNativeTarget;
			buildConfigurationList = B217A4B62A5678C10012A133 /* Build configuration list for PBXNativeTarget "newproject" */;
			buildPhases = (
				B217A49E2A5678C00012A133 /* Sources */,
				B217A49F2A5678C00012A133 /* Frameworks */,
				B217A4A02A5678C00012A133 /* Resources */,
			);
			buildRules = (
			);
			dependencies = (
			);
			name = newproject;
			productName = newproject;
			productReference = B217A4A22A5678C00012A133 /* newproject.app */;
			productType = "com.apple.product-type.application";
		};
/* End PBXNativeTarget section */

/* Begin PBXProject section */
		B217A49A2A5678BF0012A133 /* Project object */ = {
			isa = PBXProject;
			attributes = {
				BuildIndependentTargetsInParallel = 1;
				LastSwiftUpdateCheck = 1400;
				LastUpgradeCheck = 1400;
				TargetAttributes = {
					B217A4A12A5678C00012A133 = {
						CreatedOnToolsVersion = 14.0.1;
					};
				};
			};
			buildConfigurationList = B217A49D2A5678BF0012A133 /* Build configuration list for PBXProject "newproject" */;
			compatibilityVersion = "Xcode 14.0";
			developmentRegion = en;
			hasScannedForEncodings = 0;
			knownRegions = (
				en,
				Base,
			);
			mainGroup = B217A4992A5678BF0012A133;
			productRefGroup = B217A4A32A5678C00012A133 /* Products */;
			projectDirPath = "";
			projectRoot = "";
			targets = (
				B217A4A12A5678C00012A133 /* newproject */,
			);
		};
/* End PBXProject section */

/* Begin PBXResourcesBuildPhase section */
		B217A4A02A5678C00012A133 /* Resources */ = {
			isa = PBXResourcesBuildPhase;
			buildActionMask = 2147483647;
			files = (
				B217A4B22A5678C10012A133 /* LaunchScreen.storyboard in Resources */,
				B217A4AF2A5678C10012A133 /* Assets.xcassets in Resources */,
				B217A4AD2A5678C00012A133 /* Main.storyboard in Resources */,
			);
			runOnlyForDeploymentPostprocessing = 0;
		};
/* End PBXResourcesBuildPhase section */

/* Begin PBXSourcesBuildPhase section */
		B217A49E2A5678C00012A133 /* Sources */ = {
			isa = PBXSourcesBuildPhase;
			buildActionMask = 2147483647;
			files = (
				B2392A6B2A5A625900401305 /* ButtonExtension.swift in Sources */,
				B2392A692A5A624200401305 /* LabelExtension.swift in Sources */,
				B217A4AA2A5678C00012A133 /* ViewController.swift in Sources */,
				B217A4D62A56B3D10012A133 /* CGFloatExtension.swift in Sources */,
				B217A4A62A5678C00012A133 /* AppDelegate.swift in Sources */,
				B217A4D42A56B3B10012A133 /* ViewExtension.swift in Sources */,
				B217A4A82A5678C00012A133 /* SceneDelegate.swift in Sources */,
				B2392A882A5A738D00401305 /* ViewModifier.swift in Sources */,
			);
			runOnlyForDeploymentPostprocessing = 0;
		};
/* End PBXSourcesBuildPhase section */

/* Begin PBXVariantGroup section */
		B217A4AB2A5678C00012A133 /* Main.storyboard */ = {
			isa = PBXVariantGroup;
			children = (
				B217A4AC2A5678C00012A133 /* Base */,
			);
			name = Main.storyboard;
			sourceTree = "<group>";
		};
		B217A4B02A5678C10012A133 /* LaunchScreen.storyboard */ = {
			isa = PBXVariantGroup;
			children = (
				B217A4B12A5678C10012A133 /* Base */,
			);
			name = LaunchScreen.storyboard;
			sourceTree = "<group>";
		};
/* End PBXVariantGroup section */

/* Begin XCBuildConfiguration section */
		B217A4B42A5678C10012A133 /* Debug */ = {
			isa = XCBuildConfiguration;
			buildSettings = {
				ALWAYS_SEARCH_USER_PATHS = NO;
				CLANG_ANALYZER_NONNULL = YES;
				CLANG_ANALYZER_NUMBER_OBJECT_CONVERSION = YES_AGGRESSIVE;
				CLANG_CXX_LANGUAGE_STANDARD = "gnu++20";
				CLANG_ENABLE_MODULES = YES;
				CLANG_ENABLE_OBJC_ARC = YES;
				CLANG_ENABLE_OBJC_WEAK = YES;
				CLANG_WARN_BLOCK_CAPTURE_AUTORELEASING = YES;
				CLANG_WARN_BOOL_CONVERSION = YES;
				CLANG_WARN_COMMA = YES;
				CLANG_WARN_CONSTANT_CONVERSION = YES;
				CLANG_WARN_DEPRECATED_OBJC_IMPLEMENTATIONS = YES;
				CLANG_WARN_DIRECT_OBJC_ISA_USAGE = YES_ERROR;
				CLANG_WARN_DOCUMENTATION_COMMENTS = YES;
				CLANG_WARN_EMPTY_BODY = YES;
				CLANG_WARN_ENUM_CONVERSION = YES;
				CLANG_WARN_INFINITE_RECURSION = YES;
				CLANG_WARN_INT_CONVERSION = YES;
				CLANG_WARN_NON_LITERAL_NULL_CONVERSION = YES;
				CLANG_WARN_OBJC_IMPLICIT_RETAIN_SELF = YES;
				CLANG_WARN_OBJC_LITERAL_CONVERSION = YES;
				CLANG_WARN_OBJC_ROOT_CLASS = YES_ERROR;
				CLANG_WARN_QUOTED_INCLUDE_IN_FRAMEWORK_HEADER = YES;
				CLANG_WARN_RANGE_LOOP_ANALYSIS = YES;
				CLANG_WARN_STRICT_PROTOTYPES = YES;
				CLANG_WARN_SUSPICIOUS_MOVE = YES;
				CLANG_WARN_UNGUARDED_AVAILABILITY = YES_AGGRESSIVE;
				CLANG_WARN_UNREACHABLE_CODE = YES;
				CLANG_WARN__DUPLICATE_METHOD_MATCH = YES;
				COPY_PHASE_STRIP = NO;
				DEBUG_INFORMATION_FORMAT = dwarf;
				ENABLE_STRICT_OBJC_MSGSEND = YES;
				ENABLE_TESTABILITY = YES;
				GCC_C_LANGUAGE_STANDARD = gnu11;
				GCC_DYNAMIC_NO_PIC = NO;
				GCC_NO_COMMON_BLOCKS = YES;
				GCC_OPTIMIZATION_LEVEL = 0;
				GCC_PREPROCESSOR_DEFINITIONS = (
					"DEBUG=1",
					"$(inherited)",
				);
				GCC_WARN_64_TO_32_BIT_CONVERSION = YES;
				GCC_WARN_ABOUT_RETURN_TYPE = YES_ERROR;
				GCC_WARN_UNDECLARED_SELECTOR = YES;
				GCC_WARN_UNINITIALIZED_AUTOS = YES_AGGRESSIVE;
				GCC_WARN_UNUSED_FUNCTION = YES;
				GCC_WARN_UNUSED_VARIABLE = YES;
				IPHONEOS_DEPLOYMENT_TARGET = 14.0;
				MTL_ENABLE_DEBUG_INFO = INCLUDE_SOURCE;
				MTL_FAST_MATH = YES;
				ONLY_ACTIVE_ARCH = YES;
				SDKROOT = iphoneos;
				SWIFT_ACTIVE_COMPILATION_CONDITIONS = DEBUG;
				SWIFT_OPTIMIZATION_LEVEL = "-Onone";
			};
			name = Debug;
		};
		B217A4B52A5678C10012A133 /* Release */ = {
			isa = XCBuildConfiguration;
			buildSettings = {
				ALWAYS_SEARCH_USER_PATHS = NO;
				CLANG_ANALYZER_NONNULL = YES;
				CLANG_ANALYZER_NUMBER_OBJECT_CONVERSION = YES_AGGRESSIVE;
				CLANG_CXX_LANGUAGE_STANDARD = "gnu++20";
				CLANG_ENABLE_MODULES = YES;
				CLANG_ENABLE_OBJC_ARC = YES;
				CLANG_ENABLE_OBJC_WEAK = YES;
				CLANG_WARN_BLOCK_CAPTURE_AUTORELEASING = YES;
				CLANG_WARN_BOOL_CONVERSION = YES;
				CLANG_WARN_COMMA = YES;
				CLANG_WARN_CONSTANT_CONVERSION = YES;
				CLANG_WARN_DEPRECATED_OBJC_IMPLEMENTATIONS = YES;
				CLANG_WARN_DIRECT_OBJC_ISA_USAGE = YES_ERROR;
				CLANG_WARN_DOCUMENTATION_COMMENTS = YES;
				CLANG_WARN_EMPTY_BODY = YES;
				CLANG_WARN_ENUM_CONVERSION = YES;
				CLANG_WARN_INFINITE_RECURSION = YES;
				CLANG_WARN_INT_CONVERSION = YES;
				CLANG_WARN_NON_LITERAL_NULL_CONVERSION = YES;
				CLANG_WARN_OBJC_IMPLICIT_RETAIN_SELF = YES;
				CLANG_WARN_OBJC_LITERAL_CONVERSION = YES;
				CLANG_WARN_OBJC_ROOT_CLASS = YES_ERROR;
				CLANG_WARN_QUOTED_INCLUDE_IN_FRAMEWORK_HEADER = YES;
				CLANG_WARN_RANGE_LOOP_ANALYSIS = YES;
				CLANG_WARN_STRICT_PROTOTYPES = YES;
				CLANG_WARN_SUSPICIOUS_MOVE = YES;
				CLANG_WARN_UNGUARDED_AVAILABILITY = YES_AGGRESSIVE;
				CLANG_WARN_UNREACHABLE_CODE = YES;
				CLANG_WARN__DUPLICATE_METHOD_MATCH = YES;
				COPY_PHASE_STRIP = NO;
				DEBUG_INFORMATION_FORMAT = "dwarf-with-dsym";
				ENABLE_NS_ASSERTIONS = NO;
				ENABLE_STRICT_OBJC_MSGSEND = YES;
				GCC_C_LANGUAGE_STANDARD = gnu11;
				GCC_NO_COMMON_BLOCKS = YES;
				GCC_WARN_64_TO_32_BIT_CONVERSION = YES;
				GCC_WARN_ABOUT_RETURN_TYPE = YES_ERROR;
				GCC_WARN_UNDECLARED_SELECTOR = YES;
				GCC_WARN_UNINITIALIZED_AUTOS = YES_AGGRESSIVE;
				GCC_WARN_UNUSED_FUNCTION = YES;
				GCC_WARN_UNUSED_VARIABLE = YES;
				IPHONEOS_DEPLOYMENT_TARGET = 14.0;
				MTL_ENABLE_DEBUG_INFO = NO;
				MTL_FAST_MATH = YES;
				SDKROOT = iphoneos;
				SWIFT_COMPILATION_MODE = wholemodule;
				SWIFT_OPTIMIZATION_LEVEL = "-O";
				VALIDATE_PRODUCT = YES;
			};
			name = Release;
		};
		B217A4B72A5678C10012A133 /* Debug */ = {
			isa = XCBuildConfiguration;
			buildSettings = {
				ASSETCATALOG_COMPILER_APPICON_NAME = AppIcon;
				ASSETCATALOG_COMPILER_GLOBAL_ACCENT_COLOR_NAME = AccentColor;
				CODE_SIGN_STYLE = Automatic;
				CURRENT_PROJECT_VERSION = 1;
				GENERATE_INFOPLIST_FILE = YES;
				INFOPLIST_FILE = newproject/Info.plist;
				INFOPLIST_KEY_UIApplicationSupportsIndirectInputEvents = YES;
				INFOPLIST_KEY_UILaunchStoryboardName = LaunchScreen;
				INFOPLIST_KEY_UIMainStoryboardFile = Main;
				INFOPLIST_KEY_UISupportedInterfaceOrientations_iPad = "UIInterfaceOrientationPortrait UIInterfaceOrientationPortraitUpsideDown UIInterfaceOrientationLandscapeLeft UIInterfaceOrientationLandscapeRight";
				INFOPLIST_KEY_UISupportedInterfaceOrientations_iPhone = "UIInterfaceOrientationPortrait UIInterfaceOrientationLandscapeLeft UIInterfaceOrientationLandscapeRight";
				IPHONEOS_DEPLOYMENT_TARGET = 14.0;
				LD_RUNPATH_SEARCH_PATHS = (
					"$(inherited)",
					"@executable_path/Frameworks",
				);
				MARKETING_VERSION = 1.0;
				PRODUCT_BUNDLE_IDENTIFIER = com.appnap.rt.newproject;
				PRODUCT_NAME = "$(TARGET_NAME)";
				SWIFT_EMIT_LOC_STRINGS = YES;
				SWIFT_VERSION = 5.0;
				TARGETED_DEVICE_FAMILY = "1,2";
			};
			name = Debug;
		};
		B217A4B82A5678C10012A133 /* Release */ = {
			isa = XCBuildConfiguration;
			buildSettings = {
				ASSETCATALOG_COMPILER_APPICON_NAME = AppIcon;
				ASSETCATALOG_COMPILER_GLOBAL_ACCENT_COLOR_NAME = AccentColor;
				CODE_SIGN_STYLE = Automatic;
				CURRENT_PROJECT_VERSION = 1;
				GENERATE_INFOPLIST_FILE = YES;
				INFOPLIST_FILE = newproject/Info.plist;
				INFOPLIST_KEY_UIApplicationSupportsIndirectInputEvents = YES;
				INFOPLIST_KEY_UILaunchStoryboardName = LaunchScreen;
				INFOPLIST_KEY_UIMainStoryboardFile = Main;
				INFOPLIST_KEY_UISupportedInterfaceOrientations_iPad = "UIInterfaceOrientationPortrait UIInterfaceOrientationPortraitUpsideDown UIInterfaceOrientationLandscapeLeft UIInterfaceOrientationLandscapeRight";
				INFOPLIST_KEY_UISupportedInterfaceOrientations_iPhone = "UIInterfaceOrientationPortrait UIInterfaceOrientationLandscapeLeft UIInterfaceOrientationLandscapeRight";
				IPHONEOS_DEPLOYMENT_TARGET = 14.0;
				LD_RUNPATH_SEARCH_PATHS = (
					"$(inherited)",
					"@executable_path/Frameworks",
				);
				MARKETING_VERSION = 1.0;
				PRODUCT_BUNDLE_IDENTIFIER = com.appnap.rt.newproject;
				PRODUCT_NAME = "$(TARGET_NAME)";
				SWIFT_EMIT_LOC_STRINGS = YES;
				SWIFT_VERSION = 5.0;
				TARGETED_DEVICE_FAMILY = "1,2";
			};
			name = Release;
		};
/* End XCBuildConfiguration section */

/* Begin XCConfigurationList section */
		B217A49D2A5678BF0012A133 /* Build configuration list for PBXProject "newproject" */ = {
			isa = XCConfigurationList;
			buildConfigurations = (
				B217A4B42A5678C10012A133 /* Debug */,
				B217A4B52A5678C10012A133 /* Release */,
			);
			defaultConfigurationIsVisible = 0;
			defaultConfigurationName = Release;
		};
		B217A4B62A5678C10012A133 /* Build configuration list for PBXNativeTarget "newproject" */ = {
			isa = XCConfigurationList;
			buildConfigurations = (
				B217A4B72A5678C10012A133 /* Debug */,
				B217A4B82A5678C10012A133 /* Release */,
			);
			defaultConfigurationIsVisible = 0;
			defaultConfigurationName = Release;
		};
/* End XCConfigurationList section */
	};
	rootObject = B217A49A2A5678BF0012A133 /* Project object */;
}
